
Microsoft Visual Studio Solution File, Format Version 12.00
# Visual Studio Version 16
VisualStudioVersion = 16.0.31702.278
MinimumVisualStudioVersion = 10.0.40219.1
Project("{FAE04EC0-301F-11D3-BF4B-00C04F79EFBC}") = "Waffer.Server", "Waffer.Server\Waffer.Server.csproj", "{89B52FDF-CAD7-487C-81DB-4E2D07A94E6B}"
EndProject
Project("{FAE04EC0-301F-11D3-BF4B-00C04F79EFBC}") = "Waffer.Domain", "Waffer.Domain\Waffer.Domain.csproj", "{01860201-5E0E-4F54-A369-1801036B92D3}"
EndProject
Project("{FAE04EC0-301F-11D3-BF4B-00C04F79EFBC}") = "Waffer.Data", "Waffer.Data\Waffer.Data.csproj", "{EE2FACEF-C7E1-42F1-A0E3-98EDB7EE01F7}"
EndProject
Global
	GlobalSection(SolutionConfigurationPlatforms) = preSolution
		Debug|Any CPU = Debug|Any CPU
		Release|Any CPU = Release|Any CPU
	EndGlobalSection
	GlobalSection(ProjectConfigurationPlatforms) = postSolution
		{89B52FDF-CAD7-487C-81DB-4E2D07A94E6B}.Debug|Any CPU.ActiveCfg = Debug|Any CPU
		{89B52FDF-CAD7-487C-81DB-4E2D07A94E6B}.Debug|Any CPU.Build.0 = Debug|Any CPU
		{89B52FDF-CAD7-487C-81DB-4E2D07A94E6B}.Release|Any CPU.ActiveCfg = Release|Any CPU
		{89B52FDF-CAD7-487C-81DB-4E2D07A94E6B}.Release|Any CPU.Build.0 = Release|Any CPU
		{01860201-5E0E-4F54-A369-1801036B92D3}.Debug|Any CPU.ActiveCfg = Debug|Any CPU
		{01860201-5E0E-4F54-A369-1801036B92D3}.Debug|Any CPU.Build.0 = Debug|Any CPU
		{01860201-5E0E-4F54-A369-1801036B92D3}.Release|Any CPU.ActiveCfg = Release|Any CPU
		{01860201-5E0E-4F54-A369-1801036B92D3}.Release|Any CPU.Build.0 = Release|Any CPU
		{EE2FACEF-C7E1-42F1-A0E3-98EDB7EE01F7}.Debug|Any CPU.ActiveCfg = Debug|Any CPU
		{EE2FACEF-C7E1-42F1-A0E3-98EDB7EE01F7}.Debug|Any CPU.Build.0 = Debug|Any CPU
		{EE2FACEF-C7E1-42F1-A0E3-98EDB7EE01F7}.Release|Any CPU.ActiveCfg = Release|Any CPU
		{EE2FACEF-C7E1-42F1-A0E3-98EDB7EE01F7}.Release|Any CPU.Build.0 = Release|Any CPU
	EndGlobalSection
	GlobalSection(SolutionProperties) = preSolution
		HideSolutionNode = FALSE
	EndGlobalSection
	GlobalSection(ExtensibilityGlobals) = postSolution
		SolutionGuid = {05066C23-EC3C-4747-BB7F-22013B7A9CC5}
	EndGlobalSection
EndGlobal
